github.com/SCKelemen/unicode v0.0.0-20251216204231-ac2f8009bcae h1:UMMbhOaO8EErah/qmsKUnxp8ljHLVzmd42pmsIUlx04=
github.com/SCKelemen/unicode v0.0.0-20251216204231-ac2f8009bcae/go.mod h1:lJ+vty4r9+3E9Agh2Nmmlfl3/AJKCyP3gWMx8BSdOl0=
github.com/SCKelemen/units v0.0.0-20251215145938-c61f55703fef h1:RQO33x712cY5sepDHL96slSt/spkeVkNkpxGEvWiX1w=
github.com/SCKelemen/units v0.0.0-20251215145938-c61f55703fef/go.mod h1:4AtPZnvBZHQ66SxsUk8VjxztXGMMvbA5toat/65B7S4=
